// !$*UTF8*$!
{
	archiveVersion = 1;
	classes = {
	};
	objectVersion = 46;
	objects = {

/* Begin PBXBuildFile section */
		F40B633C1D82A416008AE6DB /* AppDelegate.swift in Sources */ = {isa = PBXBuildFile; fileRef = F40B633B1D82A416008AE6DB /* AppDelegate.swift */; };
		F40B633E1D82A416008AE6DB /* ViewController.swift in Sources */ = {isa = PBXBuildFile; fileRef = F40B633D1D82A416008AE6DB /* ViewController.swift */; };
		F40B63411D82A416008AE6DB /* Main.storyboard in Resources */ = {isa = PBXBuildFile; fileRef = F40B633F1D82A416008AE6DB /* Main.storyboard */; };
		F40B63431D82A416008AE6DB /* Assets.xcassets in Resources */ = {isa = PBXBuildFile; fileRef = F40B63421D82A416008AE6DB /* Assets.xcassets */; };
		F40B63461D82A416008AE6DB /* LaunchScreen.storyboard in Resources */ = {isa = PBXBuildFile; fileRef = F40B63441D82A416008AE6DB /* LaunchScreen.storyboard */; };
/* End PBXBuildFile section */

/* Begin PBXFileReference section */
		F40B63381D82A416008AE6DB /* GearedStore.app */ = {isa = PBXFileReference; explicitFileType = wrapper.application; includeInIndex = 0; path = GearedStore.app; sourceTree = BUILT_PRODUCTS_DIR; };
		F40B633B1D82A416008AE6DB /* AppDelegate.swift */ = {isa = PBXFileReference; lastKnownFileType = sourcecode.swift; path = AppDelegate.swift; sourceTree = "<group>"; };
		F40B633D1D82A416008AE6DB /* ViewController.swift */ = {isa = PBXFileReference; lastKnownFileType = sourcecode.swift; path = ViewController.swift; sourceTree = "<group>"; };
		F40B63401D82A416008AE6DB /* Base */ = {isa = PBXFileReference; lastKnownFileType = file.storyboard; name = Base; path = Base.lproj/Main.storyboard; sourceTree = "<group>"; };
		F40B63421D82A416008AE6DB /* Assets.xcassets */ = {isa = PBXFileReference; lastKnownFileType = folder.assetcatalog; path = Assets.xcassets; sourceTree = "<group>"; };
		F40B63451D82A416008AE6DB /* Base */ = {isa = PBXFileReference; lastKnownFileType = file.storyboard; name = Base; path = Base.lproj/LaunchScreen.storyboard; sourceTree = "<group>"; };
		F40B63471D82A416008AE6DB /* Info.plist */ = {isa = PBXFileReference; lastKnownFileType = text.plist.xml; path = Info.plist; sourceTree = "<group>"; };
/* End PBXFileReference section */

/* Begin PBXFrameworksBuildPhase section */
		F40B63351D82A416008AE6DB /* Frameworks */ = {
			isa = PBXFrameworksBuildPhase;
			buildActionMask = 2147483647;
			files = (
			);
			runOnlyForDeploymentPostprocessing = 0;
		};
/* End PBXFrameworksBuildPhase section */

/* Begin PBXGroup section */
		F40B632F1D82A416008AE6DB = {
			isa = PBXGroup;
			children = (
				F40B633A1D82A416008AE6DB /* GearedStore */,
				F40B63391D82A416008AE6DB /* Products */,
			);
			sourceTree = "<group>";
		};
		F40B63391D82A416008AE6DB /* Products */ = {
			isa = PBXGroup;
			children = (
				F40B63381D82A416008AE6DB /* GearedStore.app */,
			);
			name = Products;
			sourceTree = "<group>";
		};
		F40B633A1D82A416008AE6DB /* GearedStore */ = {
			isa = PBXGroup;
			children = (
				F40B633B1D82A416008AE6DB /* AppDelegate.swift */,
				F40B633D1D82A416008AE6DB /* ViewController.swift */,
				F40B633F1D82A416008AE6DB /* Main.storyboard */,
				F40B63421D82A416008AE6DB /* Assets.xcassets */,
				F40B63441D82A416008AE6DB /* LaunchScreen.storyboard */,
				F40B63471D82A416008AE6DB /* Info.plist */,
			);
			path = GearedStore;
			sourceTree = "<group>";
		};
/* End PBXGroup section */

/* Begin PBXNativeTarget section */
		F40B63371D82A416008AE6DB /* GearedStore */ = {
			isa = PBXNativeTarget;
			buildConfigurationList = F40B634A1D82A416008AE6DB /* Build configuration list for PBXNativeTarget "GearedStore" */;
			buildPhases = (
				F40B63341D82A416008AE6DB /* Sources */,
				F40B63351D82A416008AE6DB /* Frameworks */,
				F40B63361D82A416008AE6DB /* Resources */,
			);
			buildRules = (
			);
			dependencies = (
			);
			name = GearedStore;
			productName = GearedStore;
			productReference = F40B63381D82A416008AE6DB /* GearedStore.app */;
			productType = "com.apple.product-type.application";
		};
/* End PBXNativeTarget section */

/* Begin PBXProject section */
		F40B63301D82A416008AE6DB /* Project object */ = {
			isa = PBXProject;
			attributes = {
				LastSwiftUpdateCheck = 0730;
				LastUpgradeCheck = 0730;
				ORGANIZATIONNAME = MLBNP;
				TargetAttributes = {
					F40B63371D82A416008AE6DB = {
						CreatedOnToolsVersion = 7.3;
					};
				};
			};
			buildConfigurationList = F40B63331D82A416008AE6DB /* Build configuration list for PBXProject "GearedStore" */;
			compatibilityVersion = "Xcode 3.2";
			developmentRegion = English;
			hasScannedForEncodings = 0;
			knownRegions = (
				en,
				Base,
			);
			mainGroup = F40B632F1D82A416008AE6DB;
			productRefGroup = F40B63391D82A416008AE6DB /* Products */;
			projectDirPath = "";
			projectRoot = "";
			targets = (
				F40B63371D82A416008AE6DB /* GearedStore */,
			);
		};
/* End PBXProject section */

/* Begin PBXResourcesBuildPhase section */
		F40B63361D82A416008AE6DB /* Resources */ = {
			isa = PBXResourcesBuildPhase;
			buildActionMask = 2147483647;
			files = (
				F40B63461D82A416008AE6DB /* LaunchScreen.storyboard in Resources */,
				F40B63431D82A416008AE6DB /* Assets.xcassets in Resources */,
				F40B63411D82A416008AE6DB /* Main.storyboard in Resources */,
			);
			runOnlyForDeploymentPostprocessing = 0;
		};
/* End PBXResourcesBuildPhase section */

/* Begin PBXSourcesBuildPhase section */
		F40B63341D82A416008AE6DB /* Sources */ = {
			isa = PBXSourcesBuildPhase;
			buildActionMask = 2147483647;
			files = (
				F40B633E1D82A416008AE6DB /* ViewController.swift in Sources */,
				F40B633C1D82A416008AE6DB /* AppDelegate.swift in Sources */,
			);
			runOnlyForDeploymentPostprocessing = 0;
		};
/* End PBXSourcesBuildPhase section */

/* Begin PBXVariantGroup section */
		F40B633F1D82A416008AE6DB /* Main.storyboard */ = {
			isa = PBXVariantGroup;
			children = (
				F40B63401D82A416008AE6DB /* Base */,
			);
			name = Main.storyboard;
			sourceTree = "<group>";
		};
		F40B63441D82A416008AE6DB /* LaunchScreen.storyboard */ = {
			isa = PBXVariantGroup;
			children = (
				F40B63451D82A416008AE6DB /* Base */,
			);
			name = LaunchScreen.storyboard;
			sourceTree = "<group>";
		};
/* End PBXVariantGroup section */

/* Begin XCBuildConfiguration section */
		F40B63481D82A416008AE6DB /* Debug */ = {
			isa = XCBuildConfiguration;
			buildSettings = {
				ALWAYS_SEARCH_USER_PATHS = NO;
				CLANG_ANALYZER_NONNULL = YES;
				CLANG_CXX_LANGUAGE_STANDARD = "gnu++0x";
				CLANG_CXX_LIBRARY = "libc++";
				CLANG_ENABLE_MODULES = YES;
				CLANG_ENABLE_OBJC_ARC = YES;
				CLANG_WARN_BOOL_CONVERSION = YES;
				CLANG_WARN_CONSTANT_CONVERSION = YES;
				CLANG_WARN_DIRECT_OBJC_ISA_USAGE = YES_ERROR;
				CLANG_WARN_EMPTY_BODY = YES;
				CLANG_WARN_ENUM_CONVERSION = YES;
				CLANG_WARN_INT_CONVERSION = YES;
				CLANG_WARN_OBJC_ROOT_CLASS = YES_ERROR;
				CLANG_WARN_UNREACHABLE_CODE = YES;
				CLANG_WARN__DUPLICATE_METHOD_MATCH = YES;
				"CODE_SIGN_IDENTITY[sdk=iphoneos*]" = "iPhone Developer";
				COPY_PHASE_STRIP = NO;
				DEBUG_INFORMATION_FORMAT = dwarf;
				ENABLE_STRICT_OBJC_MSGSEND = YES;
				ENABLE_TESTABILITY = YES;
				GCC_C_LANGUAGE_STANDARD = gnu99;
				GCC_DYNAMIC_NO_PIC = NO;
				GCC_NO_COMMON_BLOCKS = YES;
				GCC_OPTIMIZATION_LEVEL = 0;
				GCC_PREPROCESSOR_DEFINITIONS = (
					"DEBUG=1",
					"$(inherited)",
				);
				GCC_WARN_64_TO_32_BIT_CONVERSION = YES;
				GCC_WARN_ABOUT_RETURN_TYPE = YES_ERROR;
				GCC_WARN_UNDECLARED_SELECTOR = YES;
				GCC_WARN_UNINITIALIZED_AUTOS = YES_AGGRESSIVE;
				GCC_WARN_UNUSED_FUNCTION = YES;
				GCC_WARN_UNUSED_VARIABLE = YES;
				IPHONEOS_DEPLOYMENT_TARGET = 9.3;
				MTL_ENABLE_DEBUG_INFO = YES;
				ONLY_ACTIVE_ARCH = YES;
				SDKROOT = iphoneos;
				SWIFT_OPTIMIZATION_LEVEL = "-Onone";
			};
			name = Debug;
		};
		F40B63491D82A416008AE6DB /* Release */ = {
			isa = XCBuildConfiguration;
			buildSettings = {
				ALWAYS_SEARCH_USER_PATHS = NO;
				CLANG_ANALYZER_NONNULL = YES;
				CLANG_CXX_LANGUAGE_STANDARD = "gnu++0x";
				CLANG_CXX_LIBRARY = "libc++";
				CLANG_ENABLE_MODULES = YES;
				CLANG_ENABLE_OBJC_ARC = YES;
				CLANG_WARN_BOOL_CONVERSION = YES;
				CLANG_WARN_CONSTANT_CONVERSION = YES;
				CLANG_WARN_DIRECT_OBJC_ISA_USAGE = YES_ERROR;
				CLANG_WARN_EMPTY_BODY = YES;
				CLANG_WARN_ENUM_CONVERSION = YES;
				CLANG_WARN_INT_CONVERSION = YES;
				CLANG_WARN_OBJC_ROOT_CLASS = YES_ERROR;
				CLANG_WARN_UNREACHABLE_CODE = YES;
				CLANG_WARN__DUPLICATE_METHOD_MATCH = YES;
				"CODE_SIGN_IDENTITY[sdk=iphoneos*]" = "iPhone Developer";
				COPY_PHASE_STRIP = NO;
				DEBUG_INFORMATION_FORMAT = "dwarf-with-dsym";
				ENABLE_NS_ASSERTIONS = NO;
				ENABLE_STRICT_OBJC_MSGSEND = YES;
				GCC_C_LANGUAGE_STANDARD = gnu99;
				GCC_NO_COMMON_BLOCKS = YES;
				GCC_WARN_64_TO_32_BIT_CONVERSION = YES;
				GCC_WARN_ABOUT_RETURN_TYPE = YES_ERROR;
				GCC_WARN_UNDECLARED_SELECTOR = YES;
				GCC_WARN_UNINITIALIZED_AUTOS = YES_AGGRESSIVE;
				GCC_WARN_UNUSED_FUNCTION = YES;
				GCC_WARN_UNUSED_VARIABLE = YES;
				IPHONEOS_DEPLOYMENT_TARGET = 9.3;
				MTL_ENABLE_DEBUG_INFO = NO;
				SDKROOT = iphoneos;
				VALIDATE_PRODUCT = YES;
			};
			name = Release;
		};
		F40B634B1D82A416008AE6DB /* Debug */ = {
			isa = XCBuildConfiguration;
			buildSettings = {
				ASSETCATALOG_COMPILER_APPICON_NAME = AppIcon;
				INFOPLIST_FILE = GearedStore/Info.plist;
				LD_RUNPATH_SEARCH_PATHS = "$(inherited) @executable_path/Frameworks";
				PRODUCT_BUNDLE_IDENTIFIER = com.MLBNP.GearedStore;
				PRODUCT_NAME = "$(TARGET_NAME)";
			};
			name = Debug;
		};
		F40B634C1D82A416008AE6DB /* Release */ = {
			isa = XCBuildConfiguration;
			buildSettings = {
				ASSETCATALOG_COMPILER_APPICON_NAME = AppIcon;
				INFOPLIST_FILE = GearedStore/Info.plist;
				LD_RUNPATH_SEARCH_PATHS = "$(inherited) @executable_path/Frameworks";
				PRODUCT_BUNDLE_IDENTIFIER = com.MLBNP.GearedStore;
				PRODUCT_NAME = "$(TARGET_NAME)";
			};
			name = Release;
		};
/* End XCBuildConfiguration section */

/* Begin XCConfigurationList section */
		F40B63331D82A416008AE6DB /* Build configuration list for PBXProject "GearedStore" */ = {
			isa = XCConfigurationList;
			buildConfigurations = (
				F40B63481D82A416008AE6DB /* Debug */,
				F40B63491D82A416008AE6DB /* Release */,
			);
			defaultConfigurationIsVisible = 0;
			defaultConfigurationName = Release;
		};
		F40B634A1D82A416008AE6DB /* Build configuration list for PBXNativeTarget "GearedStore" */ = {
			isa = XCConfigurationList;
			buildConfigurations = (
				F40B634B1D82A416008AE6DB /* Debug */,
				F40B634C1D82A416008AE6DB /* Release */,
			);
			defaultConfigurationIsVisible = 0;
		};
/* End XCConfigurationList section */
	};
	rootObject = F40B63301D82A416008AE6DB /* Project object */;
}
